{
  "originHash" : "f9977f311c67da879ba3770bf6185794abe34fd0633b12aa99294fb631027a7e",
  "pins" : [
    {
      "identity" : "morpheus",
      "kind" : "remoteSourceControl",
      "location" : "https://github.com/iOSBrett/Morpheus",
      "state" : {
        "revision" : "0343c0abb705151b307339e7b349e00395404de0",
        "version" : "0.1.3"
      }
    },
    {
      "identity" : "swift-argument-parser",
      "kind" : "remoteSourceControl",
      "location" : "https://github.com/apple/swift-argument-parser.git",
      "state" : {
        "revision" : "46989693916f56d1186bd59ac15124caef896560",
        "version" : "1.3.1"
      }
    },
    {
      "identity" : "swift-http-types",
      "kind" : "remoteSourceControl",
      "location" : "https://github.com/apple/swift-http-types",
      "state" : {
        "revision" : "12358d55a3824bd5fed310b999ea8cf83a9a1a65",
        "version" : "1.0.3"
      }
    }
  ],
  "version" : 3
}
